
Microsoft Visual Studio Solution File, Format Version 12.00
# Visual Studio Version 16
VisualStudioVersion = 16.0.28822.285
MinimumVisualStudioVersion = 10.0.40219.1
Project("{FAE04EC0-301F-11D3-BF4B-00C04F79EFBC}") = "PAYCALC.UWP", "PAYCALC\PAYCALC.UWP\PAYCALC.UWP.csproj", "{20B580EE-7B33-4CAC-92DA-F6F09ACDAD91}"
EndProject
Project("{FAE04EC0-301F-11D3-BF4B-00C04F79EFBC}") = "PAYCALC.Android", "PAYCALC\PAYCALC.Android\PAYCALC.Android.csproj", "{337860C1-F999-42A9-8993-9F415EDE2BE7}"
EndProject
Project("{FAE04EC0-301F-11D3-BF4B-00C04F79EFBC}") = "PAYCALC.iOS", "PAYCALC\PAYCALC.iOS\PAYCALC.iOS.csproj", "{9931038B-3B71-4BCF-BC97-8CEC672C999F}"
EndProject
Project("{FAE04EC0-301F-11D3-BF4B-00C04F79EFBC}") = "PAYCALC", "PAYCALC\PAYCALC\PAYCALC.csproj", "{7E41DEA8-3FBE-44C2-9C38-5DF48501B5EA}"
EndProject
Global
	GlobalSection(SolutionConfigurationPlatforms) = preSolution
		Debug|Any CPU = Debug|Any CPU
		Debug|ARM = Debug|ARM
		Debug|iPhone = Debug|iPhone
		Debug|iPhoneSimulator = Debug|iPhoneSimulator
		Debug|x64 = Debug|x64
		Debug|x86 = Debug|x86
		Release|Any CPU = Release|Any CPU
		Release|ARM = Release|ARM
		Release|iPhone = Release|iPhone
		Release|iPhoneSimulator = Release|iPhoneSimulator
		Release|x64 = Release|x64
		Release|x86 = Release|x86
	EndGlobalSection
	GlobalSection(ProjectConfigurationPlatforms) = postSolution
		{20B580EE-7B33-4CAC-92DA-F6F09ACDAD91}.Debug|Any CPU.ActiveCfg = Debug|x86
		{20B580EE-7B33-4CAC-92DA-F6F09ACDAD91}.Debug|Any CPU.Build.0 = Debug|x86
		{20B580EE-7B33-4CAC-92DA-F6F09ACDAD91}.Debug|Any CPU.Deploy.0 = Debug|x86
		{20B580EE-7B33-4CAC-92DA-F6F09ACDAD91}.Debug|ARM.ActiveCfg = Debug|ARM
		{20B580EE-7B33-4CAC-92DA-F6F09ACDAD91}.Debug|ARM.Build.0 = Debug|ARM
		{20B580EE-7B33-4CAC-92DA-F6F09ACDAD91}.Debug|ARM.Deploy.0 = Debug|ARM
		{20B580EE-7B33-4CAC-92DA-F6F09ACDAD91}.Debug|iPhone.ActiveCfg = Debug|x86
		{20B580EE-7B33-4CAC-92DA-F6F09ACDAD91}.Debug|iPhone.Build.0 = Debug|x86
		{20B580EE-7B33-4CAC-92DA-F6F09ACDAD91}.Debug|iPhone.Deploy.0 = Debug|x86
		{20B580EE-7B33-4CAC-92DA-F6F09ACDAD91}.Debug|iPhoneSimulator.ActiveCfg = Debug|x86
		{20B580EE-7B33-4CAC-92DA-F6F09ACDAD91}.Debug|iPhoneSimulator.Build.0 = Debug|x86
		{20B580EE-7B33-4CAC-92DA-F6F09ACDAD91}.Debug|iPhoneSimulator.Deploy.0 = Debug|x86
		{20B580EE-7B33-4CAC-92DA-F6F09ACDAD91}.Debug|x64.ActiveCfg = Debug|x64
		{20B580EE-7B33-4CAC-92DA-F6F09ACDAD91}.Debug|x64.Build.0 = Debug|x64
		{20B580EE-7B33-4CAC-92DA-F6F09ACDAD91}.Debug|x64.Deploy.0 = Debug|x64
		{20B580EE-7B33-4CAC-92DA-F6F09ACDAD91}.Debug|x86.ActiveCfg = Debug|x86
		{20B580EE-7B33-4CAC-92DA-F6F09ACDAD91}.Debug|x86.Build.0 = Debug|x86
		{20B580EE-7B33-4CAC-92DA-F6F09ACDAD91}.Debug|x86.Deploy.0 = Debug|x86
		{20B580EE-7B33-4CAC-92DA-F6F09ACDAD91}.Release|Any CPU.ActiveCfg = Release|x86
		{20B580EE-7B33-4CAC-92DA-F6F09ACDAD91}.Release|Any CPU.Build.0 = Release|x86
		{20B580EE-7B33-4CAC-92DA-F6F09ACDAD91}.Release|Any CPU.Deploy.0 = Release|x86
		{20B580EE-7B33-4CAC-92DA-F6F09ACDAD91}.Release|ARM.ActiveCfg = Release|ARM
		{20B580EE-7B33-4CAC-92DA-F6F09ACDAD91}.Release|ARM.Build.0 = Release|ARM
		{20B580EE-7B33-4CAC-92DA-F6F09ACDAD91}.Release|ARM.Deploy.0 = Release|ARM
		{20B580EE-7B33-4CAC-92DA-F6F09ACDAD91}.Release|iPhone.ActiveCfg = Release|x86
		{20B580EE-7B33-4CAC-92DA-F6F09ACDAD91}.Release|iPhone.Build.0 = Release|x86
		{20B580EE-7B33-4CAC-92DA-F6F09ACDAD91}.Release|iPhone.Deploy.0 = Release|x86
		{20B580EE-7B33-4CAC-92DA-F6F09ACDAD91}.Release|iPhoneSimulator.ActiveCfg = Release|x86
		{20B580EE-7B33-4CAC-92DA-F6F09ACDAD91}.Release|iPhoneSimulator.Build.0 = Release|x86
		{20B580EE-7B33-4CAC-92DA-F6F09ACDAD91}.Release|iPhoneSimulator.Deploy.0 = Release|x86
		{20B580EE-7B33-4CAC-92DA-F6F09ACDAD91}.Release|x64.ActiveCfg = Release|x64
		{20B580EE-7B33-4CAC-92DA-F6F09ACDAD91}.Release|x64.Build.0 = Release|x64
		{20B580EE-7B33-4CAC-92DA-F6F09ACDAD91}.Release|x64.Deploy.0 = Release|x64
		{20B580EE-7B33-4CAC-92DA-F6F09ACDAD91}.Release|x86.ActiveCfg = Release|x86
		{20B580EE-7B33-4CAC-92DA-F6F09ACDAD91}.Release|x86.Build.0 = Release|x86
		{20B580EE-7B33-4CAC-92DA-F6F09ACDAD91}.Release|x86.Deploy.0 = Release|x86
		{337860C1-F999-42A9-8993-9F415EDE2BE7}.Debug|Any CPU.ActiveCfg = Debug|Any CPU
		{337860C1-F999-42A9-8993-9F415EDE2BE7}.Debug|Any CPU.Build.0 = Debug|Any CPU
		{337860C1-F999-42A9-8993-9F415EDE2BE7}.Debug|Any CPU.Deploy.0 = Debug|Any CPU
		{337860C1-F999-42A9-8993-9F415EDE2BE7}.Debug|ARM.ActiveCfg = Debug|Any CPU
		{337860C1-F999-42A9-8993-9F415EDE2BE7}.Debug|ARM.Build.0 = Debug|Any CPU
		{337860C1-F999-42A9-8993-9F415EDE2BE7}.Debug|ARM.Deploy.0 = Debug|Any CPU
		{337860C1-F999-42A9-8993-9F415EDE2BE7}.Debug|iPhone.ActiveCfg = Debug|Any CPU
		{337860C1-F999-42A9-8993-9F415EDE2BE7}.Debug|iPhone.Build.0 = Debug|Any CPU
		{337860C1-F999-42A9-8993-9F415EDE2BE7}.Debug|iPhone.Deploy.0 = Debug|Any CPU
		{337860C1-F999-42A9-8993-9F415EDE2BE7}.Debug|iPhoneSimulator.ActiveCfg = Debug|Any CPU
		{337860C1-F999-42A9-8993-9F415EDE2BE7}.Debug|iPhoneSimulator.Build.0 = Debug|Any CPU
		{337860C1-F999-42A9-8993-9F415EDE2BE7}.Debug|iPhoneSimulator.Deploy.0 = Debug|Any CPU
		{337860C1-F999-42A9-8993-9F415EDE2BE7}.Debug|x64.ActiveCfg = Debug|Any CPU
		{337860C1-F999-42A9-8993-9F415EDE2BE7}.Debug|x64.Build.0 = Debug|Any CPU
		{337860C1-F999-42A9-8993-9F415EDE2BE7}.Debug|x64.Deploy.0 = Debug|Any CPU
		{337860C1-F999-42A9-8993-9F415EDE2BE7}.Debug|x86.ActiveCfg = Debug|Any CPU
		{337860C1-F999-42A9-8993-9F415EDE2BE7}.Debug|x86.Build.0 = Debug|Any CPU
		{337860C1-F999-42A9-8993-9F415EDE2BE7}.Debug|x86.Deploy.0 = Debug|Any CPU
		{337860C1-F999-42A9-8993-9F415EDE2BE7}.Release|Any CPU.ActiveCfg = Release|Any CPU
		{337860C1-F999-42A9-8993-9F415EDE2BE7}.Release|Any CPU.Build.0 = Release|Any CPU
		{337860C1-F999-42A9-8993-9F415EDE2BE7}.Release|Any CPU.Deploy.0 = Release|Any CPU
		{337860C1-F999-42A9-8993-9F415EDE2BE7}.Release|ARM.ActiveCfg = Release|Any CPU
		{337860C1-F999-42A9-8993-9F415EDE2BE7}.Release|ARM.Build.0 = Release|Any CPU
		{337860C1-F999-42A9-8993-9F415EDE2BE7}.Release|ARM.Deploy.0 = Release|Any CPU
		{337860C1-F999-42A9-8993-9F415EDE2BE7}.Release|iPhone.ActiveCfg = Release|Any CPU
		{337860C1-F999-42A9-8993-9F415EDE2BE7}.Release|iPhone.Build.0 = Release|Any CPU
		{337860C1-F999-42A9-8993-9F415EDE2BE7}.Release|iPhone.Deploy.0 = Release|Any CPU
		{337860C1-F999-42A9-8993-9F415EDE2BE7}.Release|iPhoneSimulator.ActiveCfg = Release|Any CPU
		{337860C1-F999-42A9-8993-9F415EDE2BE7}.Release|iPhoneSimulator.Build.0 = Release|Any CPU
		{337860C1-F999-42A9-8993-9F415EDE2BE7}.Release|iPhoneSimulator.Deploy.0 = Release|Any CPU
		{337860C1-F999-42A9-8993-9F415EDE2BE7}.Release|x64.ActiveCfg = Release|Any CPU
		{337860C1-F999-42A9-8993-9F415EDE2BE7}.Release|x64.Build.0 = Release|Any CPU
		{337860C1-F999-42A9-8993-9F415EDE2BE7}.Release|x64.Deploy.0 = Release|Any CPU
		{337860C1-F999-42A9-8993-9F415EDE2BE7}.Release|x86.ActiveCfg = Release|Any CPU
		{337860C1-F999-42A9-8993-9F415EDE2BE7}.Release|x86.Build.0 = Release|Any CPU
		{337860C1-F999-42A9-8993-9F415EDE2BE7}.Release|x86.Deploy.0 = Release|Any CPU
		{9931038B-3B71-4BCF-BC97-8CEC672C999F}.Debug|Any CPU.ActiveCfg = Debug|iPhone
		{9931038B-3B71-4BCF-BC97-8CEC672C999F}.Debug|Any CPU.Build.0 = Debug|iPhone
		{9931038B-3B71-4BCF-BC97-8CEC672C999F}.Debug|Any CPU.Deploy.0 = Debug|iPhone
		{9931038B-3B71-4BCF-BC97-8CEC672C999F}.Debug|ARM.ActiveCfg = Debug|iPhoneSimulator
		{9931038B-3B71-4BCF-BC97-8CEC672C999F}.Debug|ARM.Build.0 = Debug|iPhoneSimulator
		{9931038B-3B71-4BCF-BC97-8CEC672C999F}.Debug|ARM.Deploy.0 = Debug|iPhoneSimulator
		{9931038B-3B71-4BCF-BC97-8CEC672C999F}.Debug|iPhone.ActiveCfg = Debug|iPhone
		{9931038B-3B71-4BCF-BC97-8CEC672C999F}.Debug|iPhone.Build.0 = Debug|iPhone
		{9931038B-3B71-4BCF-BC97-8CEC672C999F}.Debug|iPhone.Deploy.0 = Debug|iPhone
		{9931038B-3B71-4BCF-BC97-8CEC672C999F}.Debug|iPhoneSimulator.ActiveCfg = Debug|iPhoneSimulator
		{9931038B-3B71-4BCF-BC97-8CEC672C999F}.Debug|iPhoneSimulator.Build.0 = Debug|iPhoneSimulator
		{9931038B-3B71-4BCF-BC97-8CEC672C999F}.Debug|iPhoneSimulator.Deploy.0 = Debug|iPhoneSimulator
		{9931038B-3B71-4BCF-BC97-8CEC672C999F}.Debug|x64.ActiveCfg = Debug|iPhone
		{9931038B-3B71-4BCF-BC97-8CEC672C999F}.Debug|x64.Build.0 = Debug|iPhone
		{9931038B-3B71-4BCF-BC97-8CEC672C999F}.Debug|x64.Deploy.0 = Debug|iPhone
		{9931038B-3B71-4BCF-BC97-8CEC672C999F}.Debug|x86.ActiveCfg = Debug|iPhone
		{9931038B-3B71-4BCF-BC97-8CEC672C999F}.Debug|x86.Build.0 = Debug|iPhone
		{9931038B-3B71-4BCF-BC97-8CEC672C999F}.Debug|x86.Deploy.0 = Debug|iPhone
		{9931038B-3B71-4BCF-BC97-8CEC672C999F}.Release|Any CPU.ActiveCfg = Release|iPhone
		{9931038B-3B71-4BCF-BC97-8CEC672C999F}.Release|Any CPU.Build.0 = Release|iPhone
		{9931038B-3B71-4BCF-BC97-8CEC672C999F}.Release|Any CPU.Deploy.0 = Release|iPhone
		{9931038B-3B71-4BCF-BC97-8CEC672C999F}.Release|ARM.ActiveCfg = Release|iPhone
		{9931038B-3B71-4BCF-BC97-8CEC672C999F}.Release|ARM.Build.0 = Release|iPhone
		{9931038B-3B71-4BCF-BC97-8CEC672C999F}.Release|ARM.Deploy.0 = Release|iPhone
		{9931038B-3B71-4BCF-BC97-8CEC672C999F}.Release|iPhone.ActiveCfg = Release|iPhone
		{9931038B-3B71-4BCF-BC97-8CEC672C999F}.Release|iPhone.Build.0 = Release|iPhone
		{9931038B-3B71-4BCF-BC97-8CEC672C999F}.Release|iPhone.Deploy.0 = Release|iPhone
		{9931038B-3B71-4BCF-BC97-8CEC672C999F}.Release|iPhoneSimulator.ActiveCfg = Release|iPhoneSimulator
		{9931038B-3B71-4BCF-BC97-8CEC672C999F}.Release|iPhoneSimulator.Build.0 = Release|iPhoneSimulator
		{9931038B-3B71-4BCF-BC97-8CEC672C999F}.Release|iPhoneSimulator.Deploy.0 = Release|iPhoneSimulator
		{9931038B-3B71-4BCF-BC97-8CEC672C999F}.Release|x64.ActiveCfg = Release|iPhone
		{9931038B-3B71-4BCF-BC97-8CEC672C999F}.Release|x64.Build.0 = Release|iPhone
		{9931038B-3B71-4BCF-BC97-8CEC672C999F}.Release|x64.Deploy.0 = Release|iPhone
		{9931038B-3B71-4BCF-BC97-8CEC672C999F}.Release|x86.ActiveCfg = Release|iPhone
		{9931038B-3B71-4BCF-BC97-8CEC672C999F}.Release|x86.Build.0 = Release|iPhone
		{9931038B-3B71-4BCF-BC97-8CEC672C999F}.Release|x86.Deploy.0 = Release|iPhone
		{7E41DEA8-3FBE-44C2-9C38-5DF48501B5EA}.Debug|Any CPU.ActiveCfg = Debug|Any CPU
		{7E41DEA8-3FBE-44C2-9C38-5DF48501B5EA}.Debug|Any CPU.Build.0 = Debug|Any CPU
		{7E41DEA8-3FBE-44C2-9C38-5DF48501B5EA}.Debug|Any CPU.Deploy.0 = Debug|Any CPU
		{7E41DEA8-3FBE-44C2-9C38-5DF48501B5EA}.Debug|ARM.ActiveCfg = Debug|Any CPU
		{7E41DEA8-3FBE-44C2-9C38-5DF48501B5EA}.Debug|ARM.Build.0 = Debug|Any CPU
		{7E41DEA8-3FBE-44C2-9C38-5DF48501B5EA}.Debug|ARM.Deploy.0 = Debug|Any CPU
		{7E41DEA8-3FBE-44C2-9C38-5DF48501B5EA}.Debug|iPhone.ActiveCfg = Debug|Any CPU
		{7E41DEA8-3FBE-44C2-9C38-5DF48501B5EA}.Debug|iPhone.Build.0 = Debug|Any CPU
		{7E41DEA8-3FBE-44C2-9C38-5DF48501B5EA}.Debug|iPhone.Deploy.0 = Debug|Any CPU
		{7E41DEA8-3FBE-44C2-9C38-5DF48501B5EA}.Debug|iPhoneSimulator.ActiveCfg = Debug|Any CPU
		{7E41DEA8-3FBE-44C2-9C38-5DF48501B5EA}.Debug|iPhoneSimulator.Build.0 = Debug|Any CPU
		{7E41DEA8-3FBE-44C2-9C38-5DF48501B5EA}.Debug|iPhoneSimulator.Deploy.0 = Debug|Any CPU
		{7E41DEA8-3FBE-44C2-9C38-5DF48501B5EA}.Debug|x64.ActiveCfg = Debug|Any CPU
		{7E41DEA8-3FBE-44C2-9C38-5DF48501B5EA}.Debug|x64.Build.0 = Debug|Any CPU
		{7E41DEA8-3FBE-44C2-9C38-5DF48501B5EA}.Debug|x64.Deploy.0 = Debug|Any CPU
		{7E41DEA8-3FBE-44C2-9C38-5DF48501B5EA}.Debug|x86.ActiveCfg = Debug|Any CPU
		{7E41DEA8-3FBE-44C2-9C38-5DF48501B5EA}.Debug|x86.Build.0 = Debug|Any CPU
		{7E41DEA8-3FBE-44C2-9C38-5DF48501B5EA}.Debug|x86.Deploy.0 = Debug|Any CPU
		{7E41DEA8-3FBE-44C2-9C38-5DF48501B5EA}.Release|Any CPU.ActiveCfg = Release|Any CPU
		{7E41DEA8-3FBE-44C2-9C38-5DF48501B5EA}.Release|Any CPU.Build.0 = Release|Any CPU
		{7E41DEA8-3FBE-44C2-9C38-5DF48501B5EA}.Release|Any CPU.Deploy.0 = Release|Any CPU
		{7E41DEA8-3FBE-44C2-9C38-5DF48501B5EA}.Release|ARM.ActiveCfg = Release|Any CPU
		{7E41DEA8-3FBE-44C2-9C38-5DF48501B5EA}.Release|ARM.Build.0 = Release|Any CPU
		{7E41DEA8-3FBE-44C2-9C38-5DF48501B5EA}.Release|ARM.Deploy.0 = Release|Any CPU
		{7E41DEA8-3FBE-44C2-9C38-5DF48501B5EA}.Release|iPhone.ActiveCfg = Release|Any CPU
		{7E41DEA8-3FBE-44C2-9C38-5DF48501B5EA}.Release|iPhone.Build.0 = Release|Any CPU
		{7E41DEA8-3FBE-44C2-9C38-5DF48501B5EA}.Release|iPhone.Deploy.0 = Release|Any CPU
		{7E41DEA8-3FBE-44C2-9C38-5DF48501B5EA}.Release|iPhoneSimulator.ActiveCfg = Release|Any CPU
		{7E41DEA8-3FBE-44C2-9C38-5DF48501B5EA}.Release|iPhoneSimulator.Build.0 = Release|Any CPU
		{7E41DEA8-3FBE-44C2-9C38-5DF48501B5EA}.Release|iPhoneSimulator.Deploy.0 = Release|Any CPU
		{7E41DEA8-3FBE-44C2-9C38-5DF48501B5EA}.Release|x64.ActiveCfg = Release|Any CPU
		{7E41DEA8-3FBE-44C2-9C38-5DF48501B5EA}.Release|x64.Build.0 = Release|Any CPU
		{7E41DEA8-3FBE-44C2-9C38-5DF48501B5EA}.Release|x64.Deploy.0 = Release|Any CPU
		{7E41DEA8-3FBE-44C2-9C38-5DF48501B5EA}.Release|x86.ActiveCfg = Release|Any CPU
		{7E41DEA8-3FBE-44C2-9C38-5DF48501B5EA}.Release|x86.Build.0 = Release|Any CPU
		{7E41DEA8-3FBE-44C2-9C38-5DF48501B5EA}.Release|x86.Deploy.0 = Release|Any CPU
	EndGlobalSection
	GlobalSection(SolutionProperties) = preSolution
		HideSolutionNode = FALSE
	EndGlobalSection
	GlobalSection(ExtensibilityGlobals) = postSolution
		SolutionGuid = {483C17BC-A81C-490A-B373-2FAFC541E8AC}
	EndGlobalSection
EndGlobal
